
Microsoft Visual Studio Solution File, Format Version 12.00
# Visual Studio 15
VisualStudioVersion = 15.0.27130.2024
MinimumVisualStudioVersion = 10.0.40219.1
Project("{FAE04EC0-301F-11D3-BF4B-00C04F79EFBC}") = "Spreadsheet", "Spreadsheet\Spreadsheet.csproj", "{88487B1B-BAD8-4906-9A8A-AE9021F20E24}"
EndProject
Project("{FAE04EC0-301F-11D3-BF4B-00C04F79EFBC}") = "SpreadsheetEngine", "SpreadsheetEngine\SpreadsheetEngine.csproj", "{A283FE46-8675-4810-8611-BCE0AE029DD0}"
EndProject
Project("{FAE04EC0-301F-11D3-BF4B-00C04F79EFBC}") = "ConsoleApp1", "ConsoleApp1\ConsoleApp1.csproj", "{881A833A-EB56-42D6-A5EE-15CE9B8C2B89}"
EndProject
Global
	GlobalSection(SolutionConfigurationPlatforms) = preSolution
		Debug|Any CPU = Debug|Any CPU
		Release|Any CPU = Release|Any CPU
	EndGlobalSection
	GlobalSection(ProjectConfigurationPlatforms) = postSolution
		{88487B1B-BAD8-4906-9A8A-AE9021F20E24}.Debug|Any CPU.ActiveCfg = Debug|Any CPU
		{88487B1B-BAD8-4906-9A8A-AE9021F20E24}.Debug|Any CPU.Build.0 = Debug|Any CPU
		{88487B1B-BAD8-4906-9A8A-AE9021F20E24}.Release|Any CPU.ActiveCfg = Release|Any CPU
		{88487B1B-BAD8-4906-9A8A-AE9021F20E24}.Release|Any CPU.Build.0 = Release|Any CPU
		{A283FE46-8675-4810-8611-BCE0AE029DD0}.Debug|Any CPU.ActiveCfg = Debug|Any CPU
		{A283FE46-8675-4810-8611-BCE0AE029DD0}.Debug|Any CPU.Build.0 = Debug|Any CPU
		{A283FE46-8675-4810-8611-BCE0AE029DD0}.Release|Any CPU.ActiveCfg = Release|Any CPU
		{A283FE46-8675-4810-8611-BCE0AE029DD0}.Release|Any CPU.Build.0 = Release|Any CPU
		{881A833A-EB56-42D6-A5EE-15CE9B8C2B89}.Debug|Any CPU.ActiveCfg = Debug|Any CPU
		{881A833A-EB56-42D6-A5EE-15CE9B8C2B89}.Debug|Any CPU.Build.0 = Debug|Any CPU
		{881A833A-EB56-42D6-A5EE-15CE9B8C2B89}.Release|Any CPU.ActiveCfg = Release|Any CPU
		{881A833A-EB56-42D6-A5EE-15CE9B8C2B89}.Release|Any CPU.Build.0 = Release|Any CPU
	EndGlobalSection
	GlobalSection(SolutionProperties) = preSolution
		HideSolutionNode = FALSE
	EndGlobalSection
	GlobalSection(ExtensibilityGlobals) = postSolution
		SolutionGuid = {DFD4D98A-6134-4E98-9218-C4B95B2A65CF}
	EndGlobalSection
EndGlobal
